// !$*UTF8*$!
{
	archiveVersion = 1;
	classes = {
	};
	objectVersion = 50;
	objects = {

/* Begin PBXBuildFile section */
		0039ED01219D4FF400EE53BC /* AppDelegate.m in Sources */ = {isa = PBXBuildFile; fileRef = 0039ED00219D4FF400EE53BC /* AppDelegate.m */; };
		0039ED04219D4FF400EE53BC /* ViewController.m in Sources */ = {isa = PBXBuildFile; fileRef = 0039ED03219D4FF400EE53BC /* ViewController.m */; };
		0039ED07219D4FF400EE53BC /* Main.storyboard in Resources */ = {isa = PBXBuildFile; fileRef = 0039ED05219D4FF400EE53BC /* Main.storyboard */; };
		0039ED09219D4FF600EE53BC /* Assets.xcassets in Resources */ = {isa = PBXBuildFile; fileRef = 0039ED08219D4FF600EE53BC /* Assets.xcassets */; };
		0039ED0C219D4FF600EE53BC /* LaunchScreen.storyboard in Resources */ = {isa = PBXBuildFile; fileRef = 0039ED0A219D4FF600EE53BC /* LaunchScreen.storyboard */; };
		0039ED0F219D4FF600EE53BC /* main.m in Sources */ = {isa = PBXBuildFile; fileRef = 0039ED0E219D4FF600EE53BC /* main.m */; };
		0039ED17219D501400EE53BC /* UICollectionViewCell+SwipDelete.m in Sources */ = {isa = PBXBuildFile; fileRef = 0039ED16219D501400EE53BC /* UICollectionViewCell+SwipDelete.m */; };
		00EC5B9321A39D3C00B7FE97 /* SwipDeleteCell.m in Sources */ = {isa = PBXBuildFile; fileRef = 00EC5B9121A39D3C00B7FE97 /* SwipDeleteCell.m */; };
		00EC5B9421A39D3C00B7FE97 /* SwipDeleteCell.xib in Resources */ = {isa = PBXBuildFile; fileRef = 00EC5B9221A39D3C00B7FE97 /* SwipDeleteCell.xib */; };
/* End PBXBuildFile section */

/* Begin PBXFileReference section */
		0039ECFC219D4FF400EE53BC /* CollectionSwipDelete.app */ = {isa = PBXFileReference; explicitFileType = wrapper.application; includeInIndex = 0; path = CollectionSwipDelete.app; sourceTree = BUILT_PRODUCTS_DIR; };
		0039ECFF219D4FF400EE53BC /* AppDelegate.h */ = {isa = PBXFileReference; lastKnownFileType = sourcecode.c.h; path = AppDelegate.h; sourceTree = "<group>"; };
		0039ED00219D4FF400EE53BC /* AppDelegate.m */ = {isa = PBXFileReference; lastKnownFileType = sourcecode.c.objc; path = AppDelegate.m; sourceTree = "<group>"; };
		0039ED02219D4FF400EE53BC /* ViewController.h */ = {isa = PBXFileReference; lastKnownFileType = sourcecode.c.h; path = ViewController.h; sourceTree = "<group>"; };
		0039ED03219D4FF400EE53BC /* ViewController.m */ = {isa = PBXFileReference; lastKnownFileType = sourcecode.c.objc; path = ViewController.m; sourceTree = "<group>"; };
		0039ED06219D4FF400EE53BC /* Base */ = {isa = PBXFileReference; lastKnownFileType = file.storyboard; name = Base; path = Base.lproj/Main.storyboard; sourceTree = "<group>"; };
		0039ED08219D4FF600EE53BC /* Assets.xcassets */ = {isa = PBXFileReference; lastKnownFileType = folder.assetcatalog; path = Assets.xcassets; sourceTree = "<group>"; };
		0039ED0B219D4FF600EE53BC /* Base */ = {isa = PBXFileReference; lastKnownFileType = file.storyboard; name = Base; path = Base.lproj/LaunchScreen.storyboard; sourceTree = "<group>"; };
		0039ED0D219D4FF600EE53BC /* Info.plist */ = {isa = PBXFileReference; lastKnownFileType = text.plist.xml; path = Info.plist; sourceTree = "<group>"; };
		0039ED0E219D4FF600EE53BC /* main.m */ = {isa = PBXFileReference; lastKnownFileType = sourcecode.c.objc; path = main.m; sourceTree = "<group>"; };
		0039ED15219D501400EE53BC /* UICollectionViewCell+SwipDelete.h */ = {isa = PBXFileReference; lastKnownFileType = sourcecode.c.h; path = "UICollectionViewCell+SwipDelete.h"; sourceTree = "<group>"; };
		0039ED16219D501400EE53BC /* UICollectionViewCell+SwipDelete.m */ = {isa = PBXFileReference; lastKnownFileType = sourcecode.c.objc; path = "UICollectionViewCell+SwipDelete.m"; sourceTree = "<group>"; };
		00EC5B9021A39D3C00B7FE97 /* SwipDeleteCell.h */ = {isa = PBXFileReference; lastKnownFileType = sourcecode.c.h; path = SwipDeleteCell.h; sourceTree = "<group>"; };
		00EC5B9121A39D3C00B7FE97 /* SwipDeleteCell.m */ = {isa = PBXFileReference; lastKnownFileType = sourcecode.c.objc; path = SwipDeleteCell.m; sourceTree = "<group>"; };
		00EC5B9221A39D3C00B7FE97 /* SwipDeleteCell.xib */ = {isa = PBXFileReference; lastKnownFileType = file.xib; path = SwipDeleteCell.xib; sourceTree = "<group>"; };
/* End PBXFileReference section */

/* Begin PBXFrameworksBuildPhase section */
		0039ECF9219D4FF400EE53BC /* Frameworks */ = {
			isa = PBXFrameworksBuildPhase;
			buildActionMask = 2147483647;
			files = (
			);
			runOnlyForDeploymentPostprocessing = 0;
		};
/* End PBXFrameworksBuildPhase section */

/* Begin PBXGroup section */
		0039ECF3219D4FF400EE53BC = {
			isa = PBXGroup;
			children = (
				0039ECFE219D4FF400EE53BC /* CollectionSwipDelete */,
				0039ECFD219D4FF400EE53BC /* Products */,
			);
			sourceTree = "<group>";
		};
		0039ECFD219D4FF400EE53BC /* Products */ = {
			isa = PBXGroup;
			children = (
				0039ECFC219D4FF400EE53BC /* CollectionSwipDelete.app */,
			);
			name = Products;
			sourceTree = "<group>";
		};
		0039ECFE219D4FF400EE53BC /* CollectionSwipDelete */ = {
			isa = PBXGroup;
			children = (
				0039ED15219D501400EE53BC /* UICollectionViewCell+SwipDelete.h */,
				0039ED16219D501400EE53BC /* UICollectionViewCell+SwipDelete.m */,
				0039ECFF219D4FF400EE53BC /* AppDelegate.h */,
				0039ED00219D4FF400EE53BC /* AppDelegate.m */,
				0039ED02219D4FF400EE53BC /* ViewController.h */,
				0039ED03219D4FF400EE53BC /* ViewController.m */,
				00EC5B9021A39D3C00B7FE97 /* SwipDeleteCell.h */,
				00EC5B9121A39D3C00B7FE97 /* SwipDeleteCell.m */,
				00EC5B9221A39D3C00B7FE97 /* SwipDeleteCell.xib */,
				0039ED05219D4FF400EE53BC /* Main.storyboard */,
				0039ED08219D4FF600EE53BC /* Assets.xcassets */,
				0039ED0A219D4FF600EE53BC /* LaunchScreen.storyboard */,
				0039ED0D219D4FF600EE53BC /* Info.plist */,
				0039ED0E219D4FF600EE53BC /* main.m */,
			);
			path = CollectionSwipDelete;
			sourceTree = "<group>";
		};
/* End PBXGroup section */

/* Begin PBXNativeTarget section */
		0039ECFB219D4FF400EE53BC /* CollectionSwipDelete */ = {
			isa = PBXNativeTarget;
			buildConfigurationList = 0039ED12219D4FF600EE53BC /* Build configuration list for PBXNativeTarget "CollectionSwipDelete" */;
			buildPhases = (
				0039ECF8219D4FF400EE53BC /* Sources */,
				0039ECF9219D4FF400EE53BC /* Frameworks */,
				0039ECFA219D4FF400EE53BC /* Resources */,
			);
			buildRules = (
			);
			dependencies = (
			);
			name = CollectionSwipDelete;
			productName = CollectionSwipDelete;
			productReference = 0039ECFC219D4FF400EE53BC /* CollectionSwipDelete.app */;
			productType = "com.apple.product-type.application";
		};
/* End PBXNativeTarget section */

/* Begin PBXProject section */
		0039ECF4219D4FF400EE53BC /* Project object */ = {
			isa = PBXProject;
			attributes = {
				LastUpgradeCheck = 0940;
				ORGANIZATIONNAME = "储诚鹏";
				TargetAttributes = {
					0039ECFB219D4FF400EE53BC = {
						CreatedOnToolsVersion = 9.4;
					};
				};
			};
			buildConfigurationList = 0039ECF7219D4FF400EE53BC /* Build configuration list for PBXProject "CollectionSwipDelete" */;
			compatibilityVersion = "Xcode 9.3";
			developmentRegion = en;
			hasScannedForEncodings = 0;
			knownRegions = (
				en,
				Base,
			);
			mainGroup = 0039ECF3219D4FF400EE53BC;
			productRefGroup = 0039ECFD219D4FF400EE53BC /* Products */;
			projectDirPath = "";
			projectRoot = "";
			targets = (
				0039ECFB219D4FF400EE53BC /* CollectionSwipDelete */,
			);
		};
/* End PBXProject section */

/* Begin PBXResourcesBuildPhase section */
		0039ECFA219D4FF400EE53BC /* Resources */ = {
			isa = PBXResourcesBuildPhase;
			buildActionMask = 2147483647;
			files = (
				0039ED0C219D4FF600EE53BC /* LaunchScreen.storyboard in Resources */,
				00EC5B9421A39D3C00B7FE97 /* SwipDeleteCell.xib in Resources */,
				0039ED09219D4FF600EE53BC /* Assets.xcassets in Resources */,
				0039ED07219D4FF400EE53BC /* Main.storyboard in Resources */,
			);
			runOnlyForDeploymentPostprocessing = 0;
		};
/* End PBXResourcesBuildPhase section */

/* Begin PBXSourcesBuildPhase section */
		0039ECF8219D4FF400EE53BC /* Sources */ = {
			isa = PBXSourcesBuildPhase;
			buildActionMask = 2147483647;
			files = (
				0039ED04219D4FF400EE53BC /* ViewController.m in Sources */,
				0039ED0F219D4FF600EE53BC /* main.m in Sources */,
				0039ED17219D501400EE53BC /* UICollectionViewCell+SwipDelete.m in Sources */,
				0039ED01219D4FF400EE53BC /* AppDelegate.m in Sources */,
				00EC5B9321A39D3C00B7FE97 /* SwipDeleteCell.m in Sources */,
			);
			runOnlyForDeploymentPostprocessing = 0;
		};
/* End PBXSourcesBuildPhase section */

/* Begin PBXVariantGroup section */
		0039ED05219D4FF400EE53BC /* Main.storyboard */ = {
			isa = PBXVariantGroup;
			children = (
				0039ED06219D4FF400EE53BC /* Base */,
			);
			name = Main.storyboard;
			sourceTree = "<group>";
		};
		0039ED0A219D4FF600EE53BC /* LaunchScreen.storyboard */ = {
			isa = PBXVariantGroup;
			children = (
				0039ED0B219D4FF600EE53BC /* Base */,
			);
			name = LaunchScreen.storyboard;
			sourceTree = "<group>";
		};
/* End PBXVariantGroup section */

/* Begin XCBuildConfiguration section */
		0039ED10219D4FF600EE53BC /* Debug */ = {
			isa = XCBuildConfiguration;
			buildSettings = {
				ALWAYS_SEARCH_USER_PATHS = NO;
				CLANG_ANALYZER_NONNULL = YES;
				CLANG_ANALYZER_NUMBER_OBJECT_CONVERSION = YES_AGGRESSIVE;
				CLANG_CXX_LANGUAGE_STANDARD = "gnu++14";
				CLANG_CXX_LIBRARY = "libc++";
				CLANG_ENABLE_MODULES = YES;
				CLANG_ENABLE_OBJC_ARC = YES;
				CLANG_ENABLE_OBJC_WEAK = YES;
				CLANG_WARN_BLOCK_CAPTURE_AUTORELEASING = YES;
				CLANG_WARN_BOOL_CONVERSION = YES;
				CLANG_WARN_COMMA = YES;
				CLANG_WARN_CONSTANT_CONVERSION = YES;
				CLANG_WARN_DEPRECATED_OBJC_IMPLEMENTATIONS = YES;
				CLANG_WARN_DIRECT_OBJC_ISA_USAGE = YES_ERROR;
				CLANG_WARN_DOCUMENTATION_COMMENTS = YES;
				CLANG_WARN_EMPTY_BODY = YES;
				CLANG_WARN_ENUM_CONVERSION = YES;
				CLANG_WARN_INFINITE_RECURSION = YES;
				CLANG_WARN_INT_CONVERSION = YES;
				CLANG_WARN_NON_LITERAL_NULL_CONVERSION = YES;
				CLANG_WARN_OBJC_IMPLICIT_RETAIN_SELF = YES;
				CLANG_WARN_OBJC_LITERAL_CONVERSION = YES;
				CLANG_WARN_OBJC_ROOT_CLASS = YES_ERROR;
				CLANG_WARN_RANGE_LOOP_ANALYSIS = YES;
				CLANG_WARN_STRICT_PROTOTYPES = YES;
				CLANG_WARN_SUSPICIOUS_MOVE = YES;
				CLANG_WARN_UNGUARDED_AVAILABILITY = YES_AGGRESSIVE;
				CLANG_WARN_UNREACHABLE_CODE = YES;
				CLANG_WARN__DUPLICATE_METHOD_MATCH = YES;
				CODE_SIGN_IDENTITY = "iPhone Developer";
				COPY_PHASE_STRIP = NO;
				DEBUG_INFORMATION_FORMAT = dwarf;
				ENABLE_STRICT_OBJC_MSGSEND = YES;
				ENABLE_TESTABILITY = YES;
				GCC_C_LANGUAGE_STANDARD = gnu11;
				GCC_DYNAMIC_NO_PIC = NO;
				GCC_NO_COMMON_BLOCKS = YES;
				GCC_OPTIMIZATION_LEVEL = 0;
				GCC_PREPROCESSOR_DEFINITIONS = (
					"DEBUG=1",
					"$(inherited)",
				);
				GCC_WARN_64_TO_32_BIT_CONVERSION = YES;
				GCC_WARN_ABOUT_RETURN_TYPE = YES_ERROR;
				GCC_WARN_UNDECLARED_SELECTOR = YES;
				GCC_WARN_UNINITIALIZED_AUTOS = YES_AGGRESSIVE;
				GCC_WARN_UNUSED_FUNCTION = YES;
				GCC_WARN_UNUSED_VARIABLE = YES;
				IPHONEOS_DEPLOYMENT_TARGET = 11.4;
				MTL_ENABLE_DEBUG_INFO = YES;
				ONLY_ACTIVE_ARCH = YES;
				SDKROOT = iphoneos;
			};
			name = Debug;
		};
		0039ED11219D4FF600EE53BC /* Release */ = {
			isa = XCBuildConfiguration;
			buildSettings = {
				ALWAYS_SEARCH_USER_PATHS = NO;
				CLANG_ANALYZER_NONNULL = YES;
				CLANG_ANALYZER_NUMBER_OBJECT_CONVERSION = YES_AGGRESSIVE;
				CLANG_CXX_LANGUAGE_STANDARD = "gnu++14";
				CLANG_CXX_LIBRARY = "libc++";
				CLANG_ENABLE_MODULES = YES;
				CLANG_ENABLE_OBJC_ARC = YES;
				CLANG_ENABLE_OBJC_WEAK = YES;
				CLANG_WARN_BLOCK_CAPTURE_AUTORELEASING = YES;
				CLANG_WARN_BOOL_CONVERSION = YES;
				CLANG_WARN_COMMA = YES;
				CLANG_WARN_CONSTANT_CONVERSION = YES;
				CLANG_WARN_DEPRECATED_OBJC_IMPLEMENTATIONS = YES;
				CLANG_WARN_DIRECT_OBJC_ISA_USAGE = YES_ERROR;
				CLANG_WARN_DOCUMENTATION_COMMENTS = YES;
				CLANG_WARN_EMPTY_BODY = YES;
				CLANG_WARN_ENUM_CONVERSION = YES;
				CLANG_WARN_INFINITE_RECURSION = YES;
				CLANG_WARN_INT_CONVERSION = YES;
				CLANG_WARN_NON_LITERAL_NULL_CONVERSION = YES;
				CLANG_WARN_OBJC_IMPLICIT_RETAIN_SELF = YES;
				CLANG_WARN_OBJC_LITERAL_CONVERSION = YES;
				CLANG_WARN_OBJC_ROOT_CLASS = YES_ERROR;
				CLANG_WARN_RANGE_LOOP_ANALYSIS = YES;
				CLANG_WARN_STRICT_PROTOTYPES = YES;
				CLANG_WARN_SUSPICIOUS_MOVE = YES;
				CLANG_WARN_UNGUARDED_AVAILABILITY = YES_AGGRESSIVE;
				CLANG_WARN_UNREACHABLE_CODE = YES;
				CLANG_WARN__DUPLICATE_METHOD_MATCH = YES;
				CODE_SIGN_IDENTITY = "iPhone Developer";
				COPY_PHASE_STRIP = NO;
				DEBUG_INFORMATION_FORMAT = "dwarf-with-dsym";
				ENABLE_NS_ASSERTIONS = NO;
				ENABLE_STRICT_OBJC_MSGSEND = YES;
				GCC_C_LANGUAGE_STANDARD = gnu11;
				GCC_NO_COMMON_BLOCKS = YES;
				GCC_WARN_64_TO_32_BIT_CONVERSION = YES;
				GCC_WARN_ABOUT_RETURN_TYPE = YES_ERROR;
				GCC_WARN_UNDECLARED_SELECTOR = YES;
				GCC_WARN_UNINITIALIZED_AUTOS = YES_AGGRESSIVE;
				GCC_WARN_UNUSED_FUNCTION = YES;
				GCC_WARN_UNUSED_VARIABLE = YES;
				IPHONEOS_DEPLOYMENT_TARGET = 11.4;
				MTL_ENABLE_DEBUG_INFO = NO;
				SDKROOT = iphoneos;
				VALIDATE_PRODUCT = YES;
			};
			name = Release;
		};
		0039ED13219D4FF600EE53BC /* Debug */ = {
			isa = XCBuildConfiguration;
			buildSettings = {
				ASSETCATALOG_COMPILER_APPICON_NAME = AppIcon;
				CODE_SIGN_STYLE = Automatic;
				DEVELOPMENT_TEAM = ND2NE475A9;
				INFOPLIST_FILE = CollectionSwipDelete/Info.plist;
				LD_RUNPATH_SEARCH_PATHS = (
					"$(inherited)",
					"@executable_path/Frameworks",
				);
				PRODUCT_BUNDLE_IDENTIFIER = ccp.CollectionSwipDelete;
				PRODUCT_NAME = "$(TARGET_NAME)";
				TARGETED_DEVICE_FAMILY = "1,2";
			};
			name = Debug;
		};
		0039ED14219D4FF600EE53BC /* Release */ = {
			isa = XCBuildConfiguration;
			buildSettings = {
				ASSETCATALOG_COMPILER_APPICON_NAME = AppIcon;
				CODE_SIGN_STYLE = Automatic;
				DEVELOPMENT_TEAM = ND2NE475A9;
				INFOPLIST_FILE = CollectionSwipDelete/Info.plist;
				LD_RUNPATH_SEARCH_PATHS = (
					"$(inherited)",
					"@executable_path/Frameworks",
				);
				PRODUCT_BUNDLE_IDENTIFIER = ccp.CollectionSwipDelete;
				PRODUCT_NAME = "$(TARGET_NAME)";
				TARGETED_DEVICE_FAMILY = "1,2";
			};
			name = Release;
		};
/* End XCBuildConfiguration section */

/* Begin XCConfigurationList section */
		0039ECF7219D4FF400EE53BC /* Build configuration list for PBXProject "CollectionSwipDelete" */ = {
			isa = XCConfigurationList;
			buildConfigurations = (
				0039ED10219D4FF600EE53BC /* Debug */,
				0039ED11219D4FF600EE53BC /* Release */,
			);
			defaultConfigurationIsVisible = 0;
			defaultConfigurationName = Release;
		};
		0039ED12219D4FF600EE53BC /* Build configuration list for PBXNativeTarget "CollectionSwipDelete" */ = {
			isa = XCConfigurationList;
			buildConfigurations = (
				0039ED13219D4FF600EE53BC /* Debug */,
				0039ED14219D4FF600EE53BC /* Release */,
			);
			defaultConfigurationIsVisible = 0;
			defaultConfigurationName = Release;
		};
/* End XCConfigurationList section */
	};
	rootObject = 0039ECF4219D4FF400EE53BC /* Project object */;
}
